
Microsoft Visual Studio Solution File, Format Version 12.00
# Visual Studio Version 17
VisualStudioVersion = 17.14.36414.22 d17.14
MinimumVisualStudioVersion = 10.0.40219.1
Project("{FAE04EC0-301F-11D3-BF4B-00C04F79EFBC}") = "Projeto_Asenjo_2025b2", "Projeto_Asenjo_2025b2\Projeto_Asenjo_2025b2.csproj", "{90070CDF-D2E2-4D1E-877B-60CC898BCAE0}"
EndProject
Global
	GlobalSection(SolutionConfigurationPlatforms) = preSolution
		Debug|Any CPU = Debug|Any CPU
		Release|Any CPU = Release|Any CPU
	EndGlobalSection
	GlobalSection(ProjectConfigurationPlatforms) = postSolution
		{90070CDF-D2E2-4D1E-877B-60CC898BCAE0}.Debug|Any CPU.ActiveCfg = Debug|Any CPU
		{90070CDF-D2E2-4D1E-877B-60CC898BCAE0}.Debug|Any CPU.Build.0 = Debug|Any CPU
		{90070CDF-D2E2-4D1E-877B-60CC898BCAE0}.Release|Any CPU.ActiveCfg = Release|Any CPU
		{90070CDF-D2E2-4D1E-877B-60CC898BCAE0}.Release|Any CPU.Build.0 = Release|Any CPU
	EndGlobalSection
	GlobalSection(SolutionProperties) = preSolution
		HideSolutionNode = FALSE
	EndGlobalSection
	GlobalSection(ExtensibilityGlobals) = postSolution
		SolutionGuid = {70C26A05-7212-4509-84B9-FC0A6B0DFFFA}
	EndGlobalSection
EndGlobal
